// !$*UTF8*$!
{
	archiveVersion = 1;
	classes = {
	};
	objectVersion = 46;
	objects = {

/* Begin PBXBuildFile section */
		DB543AB2228CE61E007DC524 /* AppDelegate.swift in Sources */ = {isa = PBXBuildFile; fileRef = DB543AB1228CE61E007DC524 /* AppDelegate.swift */; };
		DB543AB4228CE61E007DC524 /* ViewController.swift in Sources */ = {isa = PBXBuildFile; fileRef = DB543AB3228CE61E007DC524 /* ViewController.swift */; };
		DB543AB7228CE61F007DC524 /* Main.storyboard in Resources */ = {isa = PBXBuildFile; fileRef = DB543AB5228CE61F007DC524 /* Main.storyboard */; };
		DB543AB9228CE61F007DC524 /* Assets.xcassets in Resources */ = {isa = PBXBuildFile; fileRef = DB543AB8228CE61F007DC524 /* Assets.xcassets */; };
		DB543ABC228CE620007DC524 /* LaunchScreen.storyboard in Resources */ = {isa = PBXBuildFile; fileRef = DB543ABA228CE620007DC524 /* LaunchScreen.storyboard */; };
		DB543AC7228CE621007DC524 /* PinchMeTests.swift in Sources */ = {isa = PBXBuildFile; fileRef = DB543AC6228CE621007DC524 /* PinchMeTests.swift */; };
		DB543AD2228CE622007DC524 /* PinchMeUITests.swift in Sources */ = {isa = PBXBuildFile; fileRef = DB543AD1228CE622007DC524 /* PinchMeUITests.swift */; };
/* End PBXBuildFile section */

/* Begin PBXContainerItemProxy section */
		DB543AC3228CE621007DC524 /* PBXContainerItemProxy */ = {
			isa = PBXContainerItemProxy;
			containerPortal = DB543AA6228CE61D007DC524 /* Project object */;
			proxyType = 1;
			remoteGlobalIDString = DB543AAD228CE61E007DC524;
			remoteInfo = PinchMe;
		};
		DB543ACE228CE622007DC524 /* PBXContainerItemProxy */ = {
			isa = PBXContainerItemProxy;
			containerPortal = DB543AA6228CE61D007DC524 /* Project object */;
			proxyType = 1;
			remoteGlobalIDString = DB543AAD228CE61E007DC524;
			remoteInfo = PinchMe;
		};
/* End PBXContainerItemProxy section */

/* Begin PBXFileReference section */
		DB543AAE228CE61E007DC524 /* PinchMe.app */ = {isa = PBXFileReference; explicitFileType = wrapper.application; includeInIndex = 0; path = PinchMe.app; sourceTree = BUILT_PRODUCTS_DIR; };
		DB543AB1228CE61E007DC524 /* AppDelegate.swift */ = {isa = PBXFileReference; lastKnownFileType = sourcecode.swift; path = AppDelegate.swift; sourceTree = "<group>"; };
		DB543AB3228CE61E007DC524 /* ViewController.swift */ = {isa = PBXFileReference; lastKnownFileType = sourcecode.swift; path = ViewController.swift; sourceTree = "<group>"; };
		DB543AB6228CE61F007DC524 /* Base */ = {isa = PBXFileReference; lastKnownFileType = file.storyboard; name = Base; path = Base.lproj/Main.storyboard; sourceTree = "<group>"; };
		DB543AB8228CE61F007DC524 /* Assets.xcassets */ = {isa = PBXFileReference; lastKnownFileType = folder.assetcatalog; path = Assets.xcassets; sourceTree = "<group>"; };
		DB543ABB228CE620007DC524 /* Base */ = {isa = PBXFileReference; lastKnownFileType = file.storyboard; name = Base; path = Base.lproj/LaunchScreen.storyboard; sourceTree = "<group>"; };
		DB543ABD228CE620007DC524 /* Info.plist */ = {isa = PBXFileReference; lastKnownFileType = text.plist.xml; path = Info.plist; sourceTree = "<group>"; };
		DB543AC2228CE621007DC524 /* PinchMeTests.xctest */ = {isa = PBXFileReference; explicitFileType = wrapper.cfbundle; includeInIndex = 0; path = PinchMeTests.xctest; sourceTree = BUILT_PRODUCTS_DIR; };
		DB543AC6228CE621007DC524 /* PinchMeTests.swift */ = {isa = PBXFileReference; lastKnownFileType = sourcecode.swift; path = PinchMeTests.swift; sourceTree = "<group>"; };
		DB543AC8228CE621007DC524 /* Info.plist */ = {isa = PBXFileReference; lastKnownFileType = text.plist.xml; path = Info.plist; sourceTree = "<group>"; };
		DB543ACD228CE622007DC524 /* PinchMeUITests.xctest */ = {isa = PBXFileReference; explicitFileType = wrapper.cfbundle; includeInIndex = 0; path = PinchMeUITests.xctest; sourceTree = BUILT_PRODUCTS_DIR; };
		DB543AD1228CE622007DC524 /* PinchMeUITests.swift */ = {isa = PBXFileReference; lastKnownFileType = sourcecode.swift; path = PinchMeUITests.swift; sourceTree = "<group>"; };
		DB543AD3228CE623007DC524 /* Info.plist */ = {isa = PBXFileReference; lastKnownFileType = text.plist.xml; path = Info.plist; sourceTree = "<group>"; };
/* End PBXFileReference section */

/* Begin PBXFrameworksBuildPhase section */
		DB543AAB228CE61E007DC524 /* Frameworks */ = {
			isa = PBXFrameworksBuildPhase;
			buildActionMask = 2147483647;
			files = (
			);
			runOnlyForDeploymentPostprocessing = 0;
		};
		DB543ABF228CE621007DC524 /* Frameworks */ = {
			isa = PBXFrameworksBuildPhase;
			buildActionMask = 2147483647;
			files = (
			);
			runOnlyForDeploymentPostprocessing = 0;
		};
		DB543ACA228CE622007DC524 /* Frameworks */ = {
			isa = PBXFrameworksBuildPhase;
			buildActionMask = 2147483647;
			files = (
			);
			runOnlyForDeploymentPostprocessing = 0;
		};
/* End PBXFrameworksBuildPhase section */

/* Begin PBXGroup section */
		DB543AA5228CE61D007DC524 = {
			isa = PBXGroup;
			children = (
				DB543AB0228CE61E007DC524 /* PinchMe */,
				DB543AC5228CE621007DC524 /* PinchMeTests */,
				DB543AD0228CE622007DC524 /* PinchMeUITests */,
				DB543AAF228CE61E007DC524 /* Products */,
			);
			sourceTree = "<group>";
		};
		DB543AAF228CE61E007DC524 /* Products */ = {
			isa = PBXGroup;
			children = (
				DB543AAE228CE61E007DC524 /* PinchMe.app */,
				DB543AC2228CE621007DC524 /* PinchMeTests.xctest */,
				DB543ACD228CE622007DC524 /* PinchMeUITests.xctest */,
			);
			name = Products;
			sourceTree = "<group>";
		};
		DB543AB0228CE61E007DC524 /* PinchMe */ = {
			isa = PBXGroup;
			children = (
				DB543AB1228CE61E007DC524 /* AppDelegate.swift */,
				DB543AB3228CE61E007DC524 /* ViewController.swift */,
				DB543AB5228CE61F007DC524 /* Main.storyboard */,
				DB543AB8228CE61F007DC524 /* Assets.xcassets */,
				DB543ABA228CE620007DC524 /* LaunchScreen.storyboard */,
				DB543ABD228CE620007DC524 /* Info.plist */,
			);
			path = PinchMe;
			sourceTree = "<group>";
		};
		DB543AC5228CE621007DC524 /* PinchMeTests */ = {
			isa = PBXGroup;
			children = (
				DB543AC6228CE621007DC524 /* PinchMeTests.swift */,
				DB543AC8228CE621007DC524 /* Info.plist */,
			);
			path = PinchMeTests;
			sourceTree = "<group>";
		};
		DB543AD0228CE622007DC524 /* PinchMeUITests */ = {
			isa = PBXGroup;
			children = (
				DB543AD1228CE622007DC524 /* PinchMeUITests.swift */,
				DB543AD3228CE623007DC524 /* Info.plist */,
			);
			path = PinchMeUITests;
			sourceTree = "<group>";
		};
/* End PBXGroup section */

/* Begin PBXNativeTarget section */
		DB543AAD228CE61E007DC524 /* PinchMe */ = {
			isa = PBXNativeTarget;
			buildConfigurationList = DB543AD6228CE623007DC524 /* Build configuration list for PBXNativeTarget "PinchMe" */;
			buildPhases = (
				DB543AAA228CE61E007DC524 /* Sources */,
				DB543AAB228CE61E007DC524 /* Frameworks */,
				DB543AAC228CE61E007DC524 /* Resources */,
			);
			buildRules = (
			);
			dependencies = (
			);
			name = PinchMe;
			productName = PinchMe;
			productReference = DB543AAE228CE61E007DC524 /* PinchMe.app */;
			productType = "com.apple.product-type.application";
		};
		DB543AC1228CE621007DC524 /* PinchMeTests */ = {
			isa = PBXNativeTarget;
			buildConfigurationList = DB543AD9228CE623007DC524 /* Build configuration list for PBXNativeTarget "PinchMeTests" */;
			buildPhases = (
				DB543ABE228CE621007DC524 /* Sources */,
				DB543ABF228CE621007DC524 /* Frameworks */,
				DB543AC0228CE621007DC524 /* Resources */,
			);
			buildRules = (
			);
			dependencies = (
				DB543AC4228CE621007DC524 /* PBXTargetDependency */,
			);
			name = PinchMeTests;
			productName = PinchMeTests;
			productReference = DB543AC2228CE621007DC524 /* PinchMeTests.xctest */;
			productType = "com.apple.product-type.bundle.unit-test";
		};
		DB543ACC228CE622007DC524 /* PinchMeUITests */ = {
			isa = PBXNativeTarget;
			buildConfigurationList = DB543ADC228CE623007DC524 /* Build configuration list for PBXNativeTarget "PinchMeUITests" */;
			buildPhases = (
				DB543AC9228CE622007DC524 /* Sources */,
				DB543ACA228CE622007DC524 /* Frameworks */,
				DB543ACB228CE622007DC524 /* Resources */,
			);
			buildRules = (
			);
			dependencies = (
				DB543ACF228CE622007DC524 /* PBXTargetDependency */,
			);
			name = PinchMeUITests;
			productName = PinchMeUITests;
			productReference = DB543ACD228CE622007DC524 /* PinchMeUITests.xctest */;
			productType = "com.apple.product-type.bundle.ui-testing";
		};
/* End PBXNativeTarget section */

/* Begin PBXProject section */
		DB543AA6228CE61D007DC524 /* Project object */ = {
			isa = PBXProject;
			attributes = {
				LastSwiftUpdateCheck = 0830;
				LastUpgradeCheck = 0830;
				ORGANIZATIONNAME = Groom;
				TargetAttributes = {
					DB543AAD228CE61E007DC524 = {
						CreatedOnToolsVersion = 8.3;
						DevelopmentTeam = 4UF2RH95QC;
						ProvisioningStyle = Automatic;
					};
					DB543AC1228CE621007DC524 = {
						CreatedOnToolsVersion = 8.3;
						DevelopmentTeam = 4UF2RH95QC;
						ProvisioningStyle = Automatic;
						TestTargetID = DB543AAD228CE61E007DC524;
					};
					DB543ACC228CE622007DC524 = {
						CreatedOnToolsVersion = 8.3;
						DevelopmentTeam = 4UF2RH95QC;
						ProvisioningStyle = Automatic;
						TestTargetID = DB543AAD228CE61E007DC524;
					};
				};
			};
			buildConfigurationList = DB543AA9228CE61D007DC524 /* Build configuration list for PBXProject "PinchMe" */;
			compatibilityVersion = "Xcode 3.2";
			developmentRegion = English;
			hasScannedForEncodings = 0;
			knownRegions = (
				en,
				Base,
			);
			mainGroup = DB543AA5228CE61D007DC524;
			productRefGroup = DB543AAF228CE61E007DC524 /* Products */;
			projectDirPath = "";
			projectRoot = "";
			targets = (
				DB543AAD228CE61E007DC524 /* PinchMe */,
				DB543AC1228CE621007DC524 /* PinchMeTests */,
				DB543ACC228CE622007DC524 /* PinchMeUITests */,
			);
		};
/* End PBXProject section */

/* Begin PBXResourcesBuildPhase section */
		DB543AAC228CE61E007DC524 /* Resources */ = {
			isa = PBXResourcesBuildPhase;
			buildActionMask = 2147483647;
			files = (
				DB543ABC228CE620007DC524 /* LaunchScreen.storyboard in Resources */,
				DB543AB9228CE61F007DC524 /* Assets.xcassets in Resources */,
				DB543AB7228CE61F007DC524 /* Main.storyboard in Resources */,
			);
			runOnlyForDeploymentPostprocessing = 0;
		};
		DB543AC0228CE621007DC524 /* Resources */ = {
			isa = PBXResourcesBuildPhase;
			buildActionMask = 2147483647;
			files = (
			);
			runOnlyForDeploymentPostprocessing = 0;
		};
		DB543ACB228CE622007DC524 /* Resources */ = {
			isa = PBXResourcesBuildPhase;
			buildActionMask = 2147483647;
			files = (
			);
			runOnlyForDeploymentPostprocessing = 0;
		};
/* End PBXResourcesBuildPhase section */

/* Begin PBXSourcesBuildPhase section */
		DB543AAA228CE61E007DC524 /* Sources */ = {
			isa = PBXSourcesBuildPhase;
			buildActionMask = 2147483647;
			files = (
				DB543AB4228CE61E007DC524 /* ViewController.swift in Sources */,
				DB543AB2228CE61E007DC524 /* AppDelegate.swift in Sources */,
			);
			runOnlyForDeploymentPostprocessing = 0;
		};
		DB543ABE228CE621007DC524 /* Sources */ = {
			isa = PBXSourcesBuildPhase;
			buildActionMask = 2147483647;
			files = (
				DB543AC7228CE621007DC524 /* PinchMeTests.swift in Sources */,
			);
			runOnlyForDeploymentPostprocessing = 0;
		};
		DB543AC9228CE622007DC524 /* Sources */ = {
			isa = PBXSourcesBuildPhase;
			buildActionMask = 2147483647;
			files = (
				DB543AD2228CE622007DC524 /* PinchMeUITests.swift in Sources */,
			);
			runOnlyForDeploymentPostprocessing = 0;
		};
/* End PBXSourcesBuildPhase section */

/* Begin PBXTargetDependency section */
		DB543AC4228CE621007DC524 /* PBXTargetDependency */ = {
			isa = PBXTargetDependency;
			target = DB543AAD228CE61E007DC524 /* PinchMe */;
			targetProxy = DB543AC3228CE621007DC524 /* PBXContainerItemProxy */;
		};
		DB543ACF228CE622007DC524 /* PBXTargetDependency */ = {
			isa = PBXTargetDependency;
			target = DB543AAD228CE61E007DC524 /* PinchMe */;
			targetProxy = DB543ACE228CE622007DC524 /* PBXContainerItemProxy */;
		};
/* End PBXTargetDependency section */

/* Begin PBXVariantGroup section */
		DB543AB5228CE61F007DC524 /* Main.storyboard */ = {
			isa = PBXVariantGroup;
			children = (
				DB543AB6228CE61F007DC524 /* Base */,
			);
			name = Main.storyboard;
			sourceTree = "<group>";
		};
		DB543ABA228CE620007DC524 /* LaunchScreen.storyboard */ = {
			isa = PBXVariantGroup;
			children = (
				DB543ABB228CE620007DC524 /* Base */,
			);
			name = LaunchScreen.storyboard;
			sourceTree = "<group>";
		};
/* End PBXVariantGroup section */

/* Begin XCBuildConfiguration section */
		DB543AD4228CE623007DC524 /* Debug */ = {
			isa = XCBuildConfiguration;
			buildSettings = {
				ALWAYS_SEARCH_USER_PATHS = NO;
				CLANG_ANALYZER_NONNULL = YES;
				CLANG_ANALYZER_NUMBER_OBJECT_CONVERSION = YES_AGGRESSIVE;
				CLANG_CXX_LANGUAGE_STANDARD = "gnu++0x";
				CLANG_CXX_LIBRARY = "libc++";
				CLANG_ENABLE_MODULES = YES;
				CLANG_ENABLE_OBJC_ARC = YES;
				CLANG_WARN_BOOL_CONVERSION = YES;
				CLANG_WARN_CONSTANT_CONVERSION = YES;
				CLANG_WARN_DIRECT_OBJC_ISA_USAGE = YES_ERROR;
				CLANG_WARN_DOCUMENTATION_COMMENTS = YES;
				CLANG_WARN_EMPTY_BODY = YES;
				CLANG_WARN_ENUM_CONVERSION = YES;
				CLANG_WARN_INFINITE_RECURSION = YES;
				CLANG_WARN_INT_CONVERSION = YES;
				CLANG_WARN_OBJC_ROOT_CLASS = YES_ERROR;
				CLANG_WARN_SUSPICIOUS_MOVE = YES;
				CLANG_WARN_UNREACHABLE_CODE = YES;
				CLANG_WARN__DUPLICATE_METHOD_MATCH = YES;
				"CODE_SIGN_IDENTITY[sdk=iphoneos*]" = "iPhone Developer";
				COPY_PHASE_STRIP = NO;
				DEBUG_INFORMATION_FORMAT = dwarf;
				ENABLE_STRICT_OBJC_MSGSEND = YES;
				ENABLE_TESTABILITY = YES;
				GCC_C_LANGUAGE_STANDARD = gnu99;
				GCC_DYNAMIC_NO_PIC = NO;
				GCC_NO_COMMON_BLOCKS = YES;
				GCC_OPTIMIZATION_LEVEL = 0;
				GCC_PREPROCESSOR_DEFINITIONS = (
					"DEBUG=1",
					"$(inherited)",
				);
				GCC_WARN_64_TO_32_BIT_CONVERSION = YES;
				GCC_WARN_ABOUT_RETURN_TYPE = YES_ERROR;
				GCC_WARN_UNDECLARED_SELECTOR = YES;
				GCC_WARN_UNINITIALIZED_AUTOS = YES_AGGRESSIVE;
				GCC_WARN_UNUSED_FUNCTION = YES;
				GCC_WARN_UNUSED_VARIABLE = YES;
				IPHONEOS_DEPLOYMENT_TARGET = 10.3;
				MTL_ENABLE_DEBUG_INFO = YES;
				ONLY_ACTIVE_ARCH = YES;
				SDKROOT = iphoneos;
				SWIFT_ACTIVE_COMPILATION_CONDITIONS = DEBUG;
				SWIFT_OPTIMIZATION_LEVEL = "-Onone";
				TARGETED_DEVICE_FAMILY = "1,2";
			};
			name = Debug;
		};
		DB543AD5228CE623007DC524 /* Release */ = {
			isa = XCBuildConfiguration;
			buildSettings = {
				ALWAYS_SEARCH_USER_PATHS = NO;
				CLANG_ANALYZER_NONNULL = YES;
				CLANG_ANALYZER_NUMBER_OBJECT_CONVERSION = YES_AGGRESSIVE;
				CLANG_CXX_LANGUAGE_STANDARD = "gnu++0x";
				CLANG_CXX_LIBRARY = "libc++";
				CLANG_ENABLE_MODULES = YES;
				CLANG_ENABLE_OBJC_ARC = YES;
				CLANG_WARN_BOOL_CONVERSION = YES;
				CLANG_WARN_CONSTANT_CONVERSION = YES;
				CLANG_WARN_DIRECT_OBJC_ISA_USAGE = YES_ERROR;
				CLANG_WARN_DOCUMENTATION_COMMENTS = YES;
				CLANG_WARN_EMPTY_BODY = YES;
				CLANG_WARN_ENUM_CONVERSION = YES;
				CLANG_WARN_INFINITE_RECURSION = YES;
				CLANG_WARN_INT_CONVERSION = YES;
				CLANG_WARN_OBJC_ROOT_CLASS = YES_ERROR;
				CLANG_WARN_SUSPICIOUS_MOVE = YES;
				CLANG_WARN_UNREACHABLE_CODE = YES;
				CLANG_WARN__DUPLICATE_METHOD_MATCH = YES;
				"CODE_SIGN_IDENTITY[sdk=iphoneos*]" = "iPhone Developer";
				COPY_PHASE_STRIP = NO;
				DEBUG_INFORMATION_FORMAT = "dwarf-with-dsym";
				ENABLE_NS_ASSERTIONS = NO;
				ENABLE_STRICT_OBJC_MSGSEND = YES;
				GCC_C_LANGUAGE_STANDARD = gnu99;
				GCC_NO_COMMON_BLOCKS = YES;
				GCC_WARN_64_TO_32_BIT_CONVERSION = YES;
				GCC_WARN_ABOUT_RETURN_TYPE = YES_ERROR;
				GCC_WARN_UNDECLARED_SELECTOR = YES;
				GCC_WARN_UNINITIALIZED_AUTOS = YES_AGGRESSIVE;
				GCC_WARN_UNUSED_FUNCTION = YES;
				GCC_WARN_UNUSED_VARIABLE = YES;
				IPHONEOS_DEPLOYMENT_TARGET = 10.3;
				MTL_ENABLE_DEBUG_INFO = NO;
				SDKROOT = iphoneos;
				SWIFT_OPTIMIZATION_LEVEL = "-Owholemodule";
				TARGETED_DEVICE_FAMILY = "1,2";
				VALIDATE_PRODUCT = YES;
			};
			name = Release;
		};
		DB543AD7228CE623007DC524 /* Debug */ = {
			isa = XCBuildConfiguration;
			buildSettings = {
				ASSETCATALOG_COMPILER_APPICON_NAME = AppIcon;
				DEVELOPMENT_TEAM = 4UF2RH95QC;
				INFOPLIST_FILE = PinchMe/Info.plist;
				LD_RUNPATH_SEARCH_PATHS = "$(inherited) @executable_path/Frameworks";
				PRODUCT_BUNDLE_IDENTIFIER = a.PinchMe;
				PRODUCT_NAME = "$(TARGET_NAME)";
				SWIFT_VERSION = 3.0;
			};
			name = Debug;
		};
		DB543AD8228CE623007DC524 /* Release */ = {
			isa = XCBuildConfiguration;
			buildSettings = {
				ASSETCATALOG_COMPILER_APPICON_NAME = AppIcon;
				DEVELOPMENT_TEAM = 4UF2RH95QC;
				INFOPLIST_FILE = PinchMe/Info.plist;
				LD_RUNPATH_SEARCH_PATHS = "$(inherited) @executable_path/Frameworks";
				PRODUCT_BUNDLE_IDENTIFIER = a.PinchMe;
				PRODUCT_NAME = "$(TARGET_NAME)";
				SWIFT_VERSION = 3.0;
			};
			name = Release;
		};
		DB543ADA228CE623007DC524 /* Debug */ = {
			isa = XCBuildConfiguration;
			buildSettings = {
				ALWAYS_EMBED_SWIFT_STANDARD_LIBRARIES = YES;
				BUNDLE_LOADER = "$(TEST_HOST)";
				DEVELOPMENT_TEAM = 4UF2RH95QC;
				INFOPLIST_FILE = PinchMeTests/Info.plist;
				LD_RUNPATH_SEARCH_PATHS = "$(inherited) @executable_path/Frameworks @loader_path/Frameworks";
				PRODUCT_BUNDLE_IDENTIFIER = a.PinchMeTests;
				PRODUCT_NAME = "$(TARGET_NAME)";
				SWIFT_VERSION = 3.0;
				TEST_HOST = "$(BUILT_PRODUCTS_DIR)/PinchMe.app/PinchMe";
			};
			name = Debug;
		};
		DB543ADB228CE623007DC524 /* Release */ = {
			isa = XCBuildConfiguration;
			buildSettings = {
				ALWAYS_EMBED_SWIFT_STANDARD_LIBRARIES = YES;
				BUNDLE_LOADER = "$(TEST_HOST)";
				DEVELOPMENT_TEAM = 4UF2RH95QC;
				INFOPLIST_FILE = PinchMeTests/Info.plist;
				LD_RUNPATH_SEARCH_PATHS = "$(inherited) @executable_path/Frameworks @loader_path/Frameworks";
				PRODUCT_BUNDLE_IDENTIFIER = a.PinchMeTests;
				PRODUCT_NAME = "$(TARGET_NAME)";
				SWIFT_VERSION = 3.0;
				TEST_HOST = "$(BUILT_PRODUCTS_DIR)/PinchMe.app/PinchMe";
			};
			name = Release;
		};
		DB543ADD228CE623007DC524 /* Debug */ = {
			isa = XCBuildConfiguration;
			buildSettings = {
				ALWAYS_EMBED_SWIFT_STANDARD_LIBRARIES = YES;
				DEVELOPMENT_TEAM = 4UF2RH95QC;
				INFOPLIST_FILE = PinchMeUITests/Info.plist;
				LD_RUNPATH_SEARCH_PATHS = "$(inherited) @executable_path/Frameworks @loader_path/Frameworks";
				PRODUCT_BUNDLE_IDENTIFIER = a.PinchMeUITests;
				PRODUCT_NAME = "$(TARGET_NAME)";
				SWIFT_VERSION = 3.0;
				TEST_TARGET_NAME = PinchMe;
			};
			name = Debug;
		};
		DB543ADE228CE623007DC524 /* Release */ = {
			isa = XCBuildConfiguration;
			buildSettings = {
				ALWAYS_EMBED_SWIFT_STANDARD_LIBRARIES = YES;
				DEVELOPMENT_TEAM = 4UF2RH95QC;
				INFOPLIST_FILE = PinchMeUITests/Info.plist;
				LD_RUNPATH_SEARCH_PATHS = "$(inherited) @executable_path/Frameworks @loader_path/Frameworks";
				PRODUCT_BUNDLE_IDENTIFIER = a.PinchMeUITests;
				PRODUCT_NAME = "$(TARGET_NAME)";
				SWIFT_VERSION = 3.0;
				TEST_TARGET_NAME = PinchMe;
			};
			name = Release;
		};
/* End XCBuildConfiguration section */

/* Begin XCConfigurationList section */
		DB543AA9228CE61D007DC524 /* Build configuration list for PBXProject "PinchMe" */ = {
			isa = XCConfigurationList;
			buildConfigurations = (
				DB543AD4228CE623007DC524 /* Debug */,
				DB543AD5228CE623007DC524 /* Release */,
			);
			defaultConfigurationIsVisible = 0;
			defaultConfigurationName = Release;
		};
		DB543AD6228CE623007DC524 /* Build configuration list for PBXNativeTarget "PinchMe" */ = {
			isa = XCConfigurationList;
			buildConfigurations = (
				DB543AD7228CE623007DC524 /* Debug */,
				DB543AD8228CE623007DC524 /* Release */,
			);
			defaultConfigurationIsVisible = 0;
		};
		DB543AD9228CE623007DC524 /* Build configuration list for PBXNativeTarget "PinchMeTests" */ = {
			isa = XCConfigurationList;
			buildConfigurations = (
				DB543ADA228CE623007DC524 /* Debug */,
				DB543ADB228CE623007DC524 /* Release */,
			);
			defaultConfigurationIsVisible = 0;
		};
		DB543ADC228CE623007DC524 /* Build configuration list for PBXNativeTarget "PinchMeUITests" */ = {
			isa = XCConfigurationList;
			buildConfigurations = (
				DB543ADD228CE623007DC524 /* Debug */,
				DB543ADE228CE623007DC524 /* Release */,
			);
			defaultConfigurationIsVisible = 0;
		};
/* End XCConfigurationList section */
	};
	rootObject = DB543AA6228CE61D007DC524 /* Project object */;
}
